
Microsoft Visual Studio Solution File, Format Version 12.00
# Visual Studio 2012
Project("{FAE04EC0-301F-11D3-BF4B-00C04F79EFBC}") = "Abduraman_Ciller_faza2_1039", "Abduraman_Ciller_faza2_1039\Abduraman_Ciller_faza2_1039.csproj", "{3C644F2B-A255-40C2-8775-2B3F6A5EFA3F}"
EndProject
Global
	GlobalSection(SolutionConfigurationPlatforms) = preSolution
		Debug|Any CPU = Debug|Any CPU
		Release|Any CPU = Release|Any CPU
	EndGlobalSection
	GlobalSection(ProjectConfigurationPlatforms) = postSolution
		{3C644F2B-A255-40C2-8775-2B3F6A5EFA3F}.Debug|Any CPU.ActiveCfg = Debug|Any CPU
		{3C644F2B-A255-40C2-8775-2B3F6A5EFA3F}.Debug|Any CPU.Build.0 = Debug|Any CPU
		{3C644F2B-A255-40C2-8775-2B3F6A5EFA3F}.Release|Any CPU.ActiveCfg = Release|Any CPU
		{3C644F2B-A255-40C2-8775-2B3F6A5EFA3F}.Release|Any CPU.Build.0 = Release|Any CPU
	EndGlobalSection
	GlobalSection(SolutionProperties) = preSolution
		HideSolutionNode = FALSE
	EndGlobalSection
EndGlobal
